
Microsoft Visual Studio Solution File, Format Version 12.00
# Visual Studio Version 17
VisualStudioVersion = 17.14.36121.58 d17.14
MinimumVisualStudioVersion = 10.0.40219.1
Project("{FAE04EC0-301F-11D3-BF4B-00C04F79EFBC}") = "CadParcial2Jprt", "CadParcial2Jprt\CadParcial2Jprt.csproj", "{32084168-1A6A-45C0-BF48-868FE6A85005}"
EndProject
Project("{FAE04EC0-301F-11D3-BF4B-00C04F79EFBC}") = "ClnParcial2Jprt", "ClnParcial2Jprt\ClnParcial2Jprt.csproj", "{722A46F0-53A9-4091-917F-B8CBC83ED6DF}"
EndProject
Project("{FAE04EC0-301F-11D3-BF4B-00C04F79EFBC}") = "CpParcial2Jprt", "CpParcial2Jprt\CpParcial2Jprt.csproj", "{31715FD5-18E8-49C9-A392-979F9911CA23}"
EndProject
Global
	GlobalSection(SolutionConfigurationPlatforms) = preSolution
		Debug|Any CPU = Debug|Any CPU
		Release|Any CPU = Release|Any CPU
	EndGlobalSection
	GlobalSection(ProjectConfigurationPlatforms) = postSolution
		{32084168-1A6A-45C0-BF48-868FE6A85005}.Debug|Any CPU.ActiveCfg = Debug|Any CPU
		{32084168-1A6A-45C0-BF48-868FE6A85005}.Debug|Any CPU.Build.0 = Debug|Any CPU
		{32084168-1A6A-45C0-BF48-868FE6A85005}.Release|Any CPU.ActiveCfg = Release|Any CPU
		{32084168-1A6A-45C0-BF48-868FE6A85005}.Release|Any CPU.Build.0 = Release|Any CPU
		{722A46F0-53A9-4091-917F-B8CBC83ED6DF}.Debug|Any CPU.ActiveCfg = Debug|Any CPU
		{722A46F0-53A9-4091-917F-B8CBC83ED6DF}.Debug|Any CPU.Build.0 = Debug|Any CPU
		{722A46F0-53A9-4091-917F-B8CBC83ED6DF}.Release|Any CPU.ActiveCfg = Release|Any CPU
		{722A46F0-53A9-4091-917F-B8CBC83ED6DF}.Release|Any CPU.Build.0 = Release|Any CPU
		{31715FD5-18E8-49C9-A392-979F9911CA23}.Debug|Any CPU.ActiveCfg = Debug|Any CPU
		{31715FD5-18E8-49C9-A392-979F9911CA23}.Debug|Any CPU.Build.0 = Debug|Any CPU
		{31715FD5-18E8-49C9-A392-979F9911CA23}.Release|Any CPU.ActiveCfg = Release|Any CPU
		{31715FD5-18E8-49C9-A392-979F9911CA23}.Release|Any CPU.Build.0 = Release|Any CPU
	EndGlobalSection
	GlobalSection(SolutionProperties) = preSolution
		HideSolutionNode = FALSE
	EndGlobalSection
	GlobalSection(ExtensibilityGlobals) = postSolution
		SolutionGuid = {2A13EF70-8684-41A6-A0DF-BFE3215CEF01}
	EndGlobalSection
EndGlobal
